# This file is generated by running "yarn install" inside your project.
# Manual changes might be lost - proceed with caution!

__metadata:
  version: 8
  cacheKey: 10

"@adraffy/ens-normalize@npm:1.10.0":
  version: 1.10.0
  resolution: "@adraffy/ens-normalize@npm:1.10.0"
  checksum: 10/5cdb5d2a9c9f8c0a71a7bb830967da0069cae1f1235cd41ae11147e4000f368f6958386e622cd4d52bf45c1ed3f8275056b387cba28902b83354e40ff323ecde
  languageName: node
  linkType: hard

"@adraffy/ens-normalize@npm:1.10.1":
  version: 1.10.1
  resolution: "@adraffy/ens-normalize@npm:1.10.1"
  checksum: 10/4cb938c4abb88a346d50cb0ea44243ab3574330c81d4f5aaaf9dfee584b96189d0faa404de0fcbef5a1b73909ea4ebc3e63d84bd23f9949e5c8d4085207a5091
  languageName: node
  linkType: hard

"@cspotcode/source-map-support@npm:^0.8.0":
  version: 0.8.1
  resolution: "@cspotcode/source-map-support@npm:0.8.1"
  dependencies:
    "@jridgewell/trace-mapping": "npm:0.3.9"
  checksum: 10/b6e38a1712fab242c86a241c229cf562195aad985d0564bd352ac404be583029e89e93028ffd2c251d2c407ecac5fb0cbdca94a2d5c10f29ac806ede0508b3ff
  languageName: node
  linkType: hard

"@ethersproject/bignumber@npm:^5.5.0, @ethersproject/bignumber@npm:^5.7.0":
  version: 5.7.0
  resolution: "@ethersproject/bignumber@npm:5.7.0"
  dependencies:
    "@ethersproject/bytes": "npm:^5.7.0"
    "@ethersproject/logger": "npm:^5.7.0"
    bn.js: "npm:^5.2.1"
  checksum: 10/09cffa18a9f0730856b57c14c345bd68ba451159417e5aff684a8808011cd03b27b7c465d423370333a7d1c9a621392fc74f064a3b02c9edc49ebe497da6d45d
  languageName: node
  linkType: hard

"@ethersproject/bytes@npm:^5.7.0":
  version: 5.7.0
  resolution: "@ethersproject/bytes@npm:5.7.0"
  dependencies:
    "@ethersproject/logger": "npm:^5.7.0"
  checksum: 10/8b3ffedb68c1a82cfb875e9738361409cc33e2dcb1286b6ccfdc4dd8dd0317f7eacc8937b736c467d213dffc44b469690fe1a951e901953d5a90c5af2b675ae4
  languageName: node
  linkType: hard

"@ethersproject/constants@npm:^5.7.0":
  version: 5.7.0
  resolution: "@ethersproject/constants@npm:5.7.0"
  dependencies:
    "@ethersproject/bignumber": "npm:^5.7.0"
  checksum: 10/6d4b1355747cce837b3e76ec3bde70e4732736f23b04f196f706ebfa5d4d9c2be50904a390d4d40ce77803b98d03d16a9b6898418e04ba63491933ce08c4ba8a
  languageName: node
  linkType: hard

"@ethersproject/keccak256@npm:^5.7.0":
  version: 5.7.0
  resolution: "@ethersproject/keccak256@npm:5.7.0"
  dependencies:
    "@ethersproject/bytes": "npm:^5.7.0"
    js-sha3: "npm:0.8.0"
  checksum: 10/ff70950d82203aab29ccda2553422cbac2e7a0c15c986bd20a69b13606ed8bb6e4fdd7b67b8d3b27d4f841e8222cbaccd33ed34be29f866fec7308f96ed244c6
  languageName: node
  linkType: hard

"@ethersproject/logger@npm:^5.7.0":
  version: 5.7.0
  resolution: "@ethersproject/logger@npm:5.7.0"
  checksum: 10/683a939f467ae7510deedc23d7611d0932c3046137f5ffb92ba1e3c8cd9cf2fbbaa676b660c248441a0fa9143783137c46d6e6d17d676188dd5a6ef0b72dd091
  languageName: node
  linkType: hard

"@ethersproject/random@npm:^5.5.1":
  version: 5.7.0
  resolution: "@ethersproject/random@npm:5.7.0"
  dependencies:
    "@ethersproject/bytes": "npm:^5.7.0"
    "@ethersproject/logger": "npm:^5.7.0"
  checksum: 10/c23ec447998ce1147651bd58816db4d12dbeb404f66a03d14a13e1edb439879bab18528e1fc46b931502903ac7b1c08ea61d6a86e621a6e060fa63d41aeed3ac
  languageName: node
  linkType: hard

"@ethersproject/strings@npm:^5.5.0, @ethersproject/strings@npm:^5.6.1":
  version: 5.7.0
  resolution: "@ethersproject/strings@npm:5.7.0"
  dependencies:
    "@ethersproject/bytes": "npm:^5.7.0"
    "@ethersproject/constants": "npm:^5.7.0"
    "@ethersproject/logger": "npm:^5.7.0"
  checksum: 10/24191bf30e98d434a9fba2f522784f65162d6712bc3e1ccc98ed85c5da5884cfdb5a1376b7695374655a7b95ec1f5fdbeef5afc7d0ea77ffeb78047e9b791fa5
  languageName: node
  linkType: hard

"@iden3/bigarray@npm:0.0.2":
  version: 0.0.2
  resolution: "@iden3/bigarray@npm:0.0.2"
  checksum: 10/9841e6ef0aaef924aff0bd36adddfd0b9db7e45f6b02ec838adfd0aead8161c0e84e71e5768e2f635f764d1b47a8f3ddf5d352b660730e3c7e6c2f7461727154
  languageName: node
  linkType: hard

"@iden3/binfileutils@npm:0.0.12":
  version: 0.0.12
  resolution: "@iden3/binfileutils@npm:0.0.12"
  dependencies:
    fastfile: "npm:0.0.20"
    ffjavascript: "npm:^0.3.0"
  checksum: 10/2cf82488a5efbb97bb853860bd8f1697da859ba22e0d7f980fc80694d722f7c8da7d8803be21ebcbb9c01a9bdcedce0ba6b209357163a631877fa08415ba08fe
  languageName: node
  linkType: hard

"@jridgewell/resolve-uri@npm:^3.0.3":
  version: 3.1.2
  resolution: "@jridgewell/resolve-uri@npm:3.1.2"
  checksum: 10/97106439d750a409c22c8bff822d648f6a71f3aa9bc8e5129efdc36343cd3096ddc4eeb1c62d2fe48e9bdd4db37b05d4646a17114ecebd3bbcacfa2de51c3c1d
  languageName: node
  linkType: hard

"@jridgewell/sourcemap-codec@npm:^1.4.10":
  version: 1.5.0
  resolution: "@jridgewell/sourcemap-codec@npm:1.5.0"
  checksum: 10/4ed6123217569a1484419ac53f6ea0d9f3b57e5b57ab30d7c267bdb27792a27eb0e4b08e84a2680aa55cc2f2b411ffd6ec3db01c44fdc6dc43aca4b55f8374fd
  languageName: node
  linkType: hard

"@jridgewell/trace-mapping@npm:0.3.9":
  version: 0.3.9
  resolution: "@jridgewell/trace-mapping@npm:0.3.9"
  dependencies:
    "@jridgewell/resolve-uri": "npm:^3.0.3"
    "@jridgewell/sourcemap-codec": "npm:^1.4.10"
  checksum: 10/83deafb8e7a5ca98993c2c6eeaa93c270f6f647a4c0dc00deb38c9cf9b2d3b7bf15e8839540155247ef034a052c0ec4466f980bf0c9e2ab63b97d16c0cedd3ff
  languageName: node
  linkType: hard

"@noble/curves@npm:1.2.0":
  version: 1.2.0
  resolution: "@noble/curves@npm:1.2.0"
  dependencies:
    "@noble/hashes": "npm:1.3.2"
  checksum: 10/94e02e9571a9fd42a3263362451849d2f54405cb3ce9fa7c45bc6b9b36dcd7d1d20e2e1e14cfded24937a13d82f1e60eefc4d7a14982ce0bc219a9fc0f51d1f9
  languageName: node
  linkType: hard

"@noble/hashes@npm:1.3.2":
  version: 1.3.2
  resolution: "@noble/hashes@npm:1.3.2"
  checksum: 10/685f59d2d44d88e738114b71011d343a9f7dce9dfb0a121f1489132f9247baa60bc985e5ec6f3213d114fbd1e1168e7294644e46cbd0ce2eba37994f28eeb51b
  languageName: node
  linkType: hard

"@semaphore-protocol/core@npm:^4.4.0":
  version: 4.4.0
  resolution: "@semaphore-protocol/core@npm:4.4.0"
  dependencies:
    "@semaphore-protocol/group": "npm:4.4.0"
    "@semaphore-protocol/identity": "npm:4.4.0"
    "@semaphore-protocol/proof": "npm:4.4.0"
  checksum: 10/f453aca1b1cbb1b49f8effe3c5f896683d23cb8179b2323448ffc13d82264335935d5b8448c7fe8abbbacb0d3ad2adab2ad0fcdd6a979bd0ec296f1eb072e74e
  languageName: node
  linkType: hard

"@semaphore-protocol/group@npm:4.4.0":
  version: 4.4.0
  resolution: "@semaphore-protocol/group@npm:4.4.0"
  dependencies:
    "@zk-kit/lean-imt": "npm:2.2.1"
    "@zk-kit/utils": "npm:1.2.1"
    poseidon-lite: "npm:0.3.0"
  checksum: 10/22e708c407c3ca1e063d40ba91e91a7b8dd5dd466589ffd949afb25cff3e5742f6abdd8d06e682117d8eac45ef9fc7facc9ee6781c1d3d980b0322dddedf2ec8
  languageName: node
  linkType: hard

"@semaphore-protocol/group@npm:^3":
  version: 3.15.2
  resolution: "@semaphore-protocol/group@npm:3.15.2"
  dependencies:
    "@ethersproject/bignumber": "npm:^5.7.0"
    "@ethersproject/bytes": "npm:^5.7.0"
    "@ethersproject/keccak256": "npm:^5.7.0"
    "@zk-kit/incremental-merkle-tree": "npm:1.1.0"
  checksum: 10/544fba0bae8861917e294192648747697eca228fd902cb94515e408bb3999aed797bfe4c291944eba2342a65c123a29a9a1b2ad214d07da3b4a1d833fe42c118
  languageName: node
  linkType: hard

"@semaphore-protocol/identity@npm:4.4.0":
  version: 4.4.0
  resolution: "@semaphore-protocol/identity@npm:4.4.0"
  dependencies:
    "@zk-kit/baby-jubjub": "npm:1.0.3"
    "@zk-kit/eddsa-poseidon": "npm:1.0.4"
    "@zk-kit/utils": "npm:1.2.1"
    poseidon-lite: "npm:0.3.0"
  checksum: 10/50e2d4fe1c67e457b85091436102059c5a79a80a66127051d5b43e8c154ccd90fc235685f5da24887cc26aab02adcc4160743719bf832c3965f34f6817a2e668
  languageName: node
  linkType: hard

"@semaphore-protocol/identity@npm:^3":
  version: 3.15.2
  resolution: "@semaphore-protocol/identity@npm:3.15.2"
  dependencies:
    "@ethersproject/bignumber": "npm:^5.5.0"
    "@ethersproject/keccak256": "npm:^5.7.0"
    "@ethersproject/random": "npm:^5.5.1"
    "@ethersproject/strings": "npm:^5.6.1"
    js-sha512: "npm:^0.8.0"
  checksum: 10/dc51db5be6c241b22bbc5ed2614f4e162410d862f9530940df371955e4f3cf1a3472a2e1f9316618b4e081b412732bfef52eeee1a5c33f2b060f750d69ef85a8
  languageName: node
  linkType: hard

"@semaphore-protocol/proof@npm:4.4.0":
  version: 4.4.0
  resolution: "@semaphore-protocol/proof@npm:4.4.0"
  dependencies:
    "@semaphore-protocol/utils": "npm:4.4.0"
    "@zk-kit/artifacts": "npm:1.8.0"
    "@zk-kit/utils": "npm:1.2.1"
    ethers: "npm:6.10.0"
    snarkjs: "npm:0.7.4"
  peerDependencies:
    "@semaphore-protocol/group": 4.4.0
    "@semaphore-protocol/identity": 4.4.0
  checksum: 10/015ac92fb3fad978f1b978e686c902b3036d0c6cf858d25ce7b86e4f878df107a6d8cc0add4ca18ba3f3931e857e1a4d8b7bb3acb7a4e2bd965be85783846384
  languageName: node
  linkType: hard

"@semaphore-protocol/proof@npm:^3":
  version: 3.15.2
  resolution: "@semaphore-protocol/proof@npm:3.15.2"
  dependencies:
    "@ethersproject/bignumber": "npm:^5.5.0"
    "@ethersproject/bytes": "npm:^5.7.0"
    "@ethersproject/keccak256": "npm:^5.7.0"
    "@ethersproject/strings": "npm:^5.5.0"
    "@zk-kit/groth16": "npm:0.3.0"
    "@zk-kit/incremental-merkle-tree": "npm:0.4.3"
  peerDependencies:
    "@semaphore-protocol/group": 3.15.2
    "@semaphore-protocol/identity": 3.15.2
  checksum: 10/480e3b62b882477efdfbe8ca69b08c0586187921e2de410560034683076eea10df60aaba28cea368c3bcc118929e170746a655ab92a5f18f173a9c7ed1713cdb
  languageName: node
  linkType: hard

"@semaphore-protocol/utils@npm:4.4.0":
  version: 4.4.0
  resolution: "@semaphore-protocol/utils@npm:4.4.0"
  dependencies:
    ethers: "npm:^6.11.1"
  checksum: 10/6829cdaa018daf85d19cc9ec4527afb31968f786fd9e6f132b5bcc3f7e159fb324b5a5b69bdb5fa8d48398162d08746f0b278ae499bf9ba6e1dcb53dbc840a2e
  languageName: node
  linkType: hard

"@tsconfig/node10@npm:^1.0.7":
  version: 1.0.11
  resolution: "@tsconfig/node10@npm:1.0.11"
  checksum: 10/51fe47d55fe1b80ec35e6e5ed30a13665fd3a531945350aa74a14a1e82875fb60b350c2f2a5e72a64831b1b6bc02acb6760c30b3738b54954ec2dea82db7a267
  languageName: node
  linkType: hard

"@tsconfig/node12@npm:^1.0.7":
  version: 1.0.11
  resolution: "@tsconfig/node12@npm:1.0.11"
  checksum: 10/5ce29a41b13e7897a58b8e2df11269c5395999e588b9a467386f99d1d26f6c77d1af2719e407621412520ea30517d718d5192a32403b8dfcc163bf33e40a338a
  languageName: node
  linkType: hard

"@tsconfig/node14@npm:^1.0.0":
  version: 1.0.3
  resolution: "@tsconfig/node14@npm:1.0.3"
  checksum: 10/19275fe80c4c8d0ad0abed6a96dbf00642e88b220b090418609c4376e1cef81bf16237bf170ad1b341452feddb8115d8dd2e5acdfdea1b27422071163dc9ba9d
  languageName: node
  linkType: hard

"@tsconfig/node16@npm:^1.0.2":
  version: 1.0.4
  resolution: "@tsconfig/node16@npm:1.0.4"
  checksum: 10/202319785901f942a6e1e476b872d421baec20cf09f4b266a1854060efbf78cde16a4d256e8bc949d31e6cd9a90f1e8ef8fb06af96a65e98338a2b6b0de0a0ff
  languageName: node
  linkType: hard

"@types/node@npm:18.15.13":
  version: 18.15.13
  resolution: "@types/node@npm:18.15.13"
  checksum: 10/b9bbe923573797ef7c5fd2641a6793489e25d9369c32aeadcaa5c7c175c85b42eb12d6fe173f6781ab6f42eaa1ebd9576a419eeaa2a1ec810094adb8adaa9a54
  languageName: node
  linkType: hard

"@types/node@npm:22.7.5":
  version: 22.7.5
  resolution: "@types/node@npm:22.7.5"
  dependencies:
    undici-types: "npm:~6.19.2"
  checksum: 10/e8ba102f8c1aa7623787d625389be68d64e54fcbb76d41f6c2c64e8cf4c9f4a2370e7ef5e5f1732f3c57529d3d26afdcb2edc0101c5e413a79081449825c57ac
  languageName: node
  linkType: hard

"@types/node@npm:^22.7.7":
  version: 22.7.7
  resolution: "@types/node@npm:22.7.7"
  dependencies:
    undici-types: "npm:~6.19.2"
  checksum: 10/ada6c5f850fa09621e21923d7b17c3f3b5264c3b39c0953006f4a8b0b3d4b6d77ac02e2bbf8bae1d493abf81668804624470d895dd4483875fde8382b6eb7933
  languageName: node
  linkType: hard

"@zk-kit/artifacts@npm:1.8.0":
  version: 1.8.0
  resolution: "@zk-kit/artifacts@npm:1.8.0"
  checksum: 10/f2eedd395d1662dc77780366edbbfbb9e543a82880dccfdc39dbf412010b65dabce9a64903218e64b9059fe7d9c02214e0f7817250a7ff4342836353d75d02dd
  languageName: node
  linkType: hard

"@zk-kit/baby-jubjub@npm:1.0.3":
  version: 1.0.3
  resolution: "@zk-kit/baby-jubjub@npm:1.0.3"
  dependencies:
    "@zk-kit/utils": "npm:1.2.1"
  checksum: 10/ae64d27f43ed53df15eebfb3468dadc202a587201a711b8716f1b855ea3b83e01e7eb5769eaa5c030979099c353396a0b1bf12dfa9c7575adce402ca64989e12
  languageName: node
  linkType: hard

"@zk-kit/eddsa-poseidon@npm:1.0.4":
  version: 1.0.4
  resolution: "@zk-kit/eddsa-poseidon@npm:1.0.4"
  dependencies:
    "@zk-kit/baby-jubjub": "npm:1.0.3"
    "@zk-kit/utils": "npm:1.2.1"
    buffer: "npm:6.0.3"
    poseidon-lite: "npm:0.3.0"
  checksum: 10/f8c9603b8985813ad3ad09130306c529a754fa97f952a50ccf2762227c1e256cfce1c9f2b8bf5ed570d82a443a86ced56ce3f6fc30b57501c5e2a584be8f3b03
  languageName: node
  linkType: hard

"@zk-kit/groth16@npm:0.3.0":
  version: 0.3.0
  resolution: "@zk-kit/groth16@npm:0.3.0"
  dependencies:
    circom_runtime: "npm:0.1.24"
    ffjavascript: "npm:0.2.60"
  checksum: 10/7fd9285c7a2d379a669619764e0ee97453a5e5bd700d48a9ddb84a2a30d487c58784ad7bcf02fe58440cfd7901810c51825f8fab28ca3ce3bf16607a31c754b2
  languageName: node
  linkType: hard

"@zk-kit/incremental-merkle-tree@npm:0.4.3":
  version: 0.4.3
  resolution: "@zk-kit/incremental-merkle-tree@npm:0.4.3"
  checksum: 10/341db82c6d38f39900f3f197e4a3a3294f918ff5ccd8965df6613fef134b8f12f040f324dd05171236f2a3d79edf8fc89867fd6b502e876888cfa0db01379e16
  languageName: node
  linkType: hard

"@zk-kit/incremental-merkle-tree@npm:1.1.0":
  version: 1.1.0
  resolution: "@zk-kit/incremental-merkle-tree@npm:1.1.0"
  checksum: 10/4860cdaa5a479fc9b4ab7bb75b73aad5c7202f4b1cb68e441d42da482ef272ad43e21ed84208ceea62770ac50b27e25a7d964343e9144301270ce014baa45f6d
  languageName: node
  linkType: hard

"@zk-kit/lean-imt@npm:2.2.1":
  version: 2.2.1
  resolution: "@zk-kit/lean-imt@npm:2.2.1"
  dependencies:
    "@zk-kit/utils": "npm:1.2.1"
  checksum: 10/f57ba0ab15ff38609c352862b21023d370bd250c37c7ef15d4ee7724c8179a7fdd6647ac8a555e6cf523032d1c769fb9eae6de5364a97574224ff7de1a34f8a8
  languageName: node
  linkType: hard

"@zk-kit/utils@npm:1.2.1":
  version: 1.2.1
  resolution: "@zk-kit/utils@npm:1.2.1"
  dependencies:
    buffer: "npm:^6.0.3"
  checksum: 10/05cb209adadad753ae9ca9be7a1664fb4c3259a703f64e8b0af637e5fa4b2a9099c21b80a30df62cfe826b165941e1dfe0e95decde5a4eafd53328692cb0a4b8
  languageName: node
  linkType: hard

"acorn-walk@npm:^8.1.1":
  version: 8.3.4
  resolution: "acorn-walk@npm:8.3.4"
  dependencies:
    acorn: "npm:^8.11.0"
  checksum: 10/871386764e1451c637bb8ab9f76f4995d408057e9909be6fb5ad68537ae3375d85e6a6f170b98989f44ab3ff6c74ad120bc2779a3d577606e7a0cd2b4efcaf77
  languageName: node
  linkType: hard

"acorn@npm:^8.11.0, acorn@npm:^8.4.1":
  version: 8.13.0
  resolution: "acorn@npm:8.13.0"
  bin:
    acorn: bin/acorn
  checksum: 10/33e3a03114b02b3bc5009463b3d9549b31a90ee38ebccd5e66515830a02acf62a90edcc12abfb6c9fb3837b6c17a3ec9b72b3bf52ac31d8ad8248a4af871e0f5
  languageName: node
  linkType: hard

"aes-js@npm:4.0.0-beta.5":
  version: 4.0.0-beta.5
  resolution: "aes-js@npm:4.0.0-beta.5"
  checksum: 10/8f745da2e8fb38e91297a8ec13c2febe3219f8383303cd4ed4660ca67190242ccfd5fdc2f0d1642fd1ea934818fb871cd4cc28d3f28e812e3dc6c3d0f1f97c24
  languageName: node
  linkType: hard

"ansi-styles@npm:^4.1.0":
  version: 4.3.0
  resolution: "ansi-styles@npm:4.3.0"
  dependencies:
    color-convert: "npm:^2.0.1"
  checksum: 10/b4494dfbfc7e4591b4711a396bd27e540f8153914123dccb4cdbbcb514015ada63a3809f362b9d8d4f6b17a706f1d7bea3c6f974b15fa5ae76b5b502070889ff
  languageName: node
  linkType: hard

"arg@npm:^4.1.0":
  version: 4.1.3
  resolution: "arg@npm:4.1.3"
  checksum: 10/969b491082f20cad166649fa4d2073ea9e974a4e5ac36247ca23d2e5a8b3cb12d60e9ff70a8acfe26d76566c71fd351ee5e6a9a6595157eb36f92b1fd64e1599
  languageName: node
  linkType: hard

"async@npm:^3.2.3":
  version: 3.2.6
  resolution: "async@npm:3.2.6"
  checksum: 10/cb6e0561a3c01c4b56a799cc8bab6ea5fef45f069ab32500b6e19508db270ef2dffa55e5aed5865c5526e9907b1f8be61b27530823b411ffafb5e1538c86c368
  languageName: node
  linkType: hard

"b4a@npm:^1.0.1":
  version: 1.6.7
  resolution: "b4a@npm:1.6.7"
  checksum: 10/1ac056e3bce378d4d3e570e57319360a9d3125ab6916a1921b95bea33d9ee646698ebc75467561fd6fcc80ff697612124c89bb9b95e80db94c6dc23fcb977705
  languageName: node
  linkType: hard

"balanced-match@npm:^1.0.0":
  version: 1.0.2
  resolution: "balanced-match@npm:1.0.2"
  checksum: 10/9706c088a283058a8a99e0bf91b0a2f75497f185980d9ffa8b304de1d9e58ebda7c72c07ebf01dadedaac5b2907b2c6f566f660d62bd336c3468e960403b9d65
  languageName: node
  linkType: hard

"base64-js@npm:^1.3.1":
  version: 1.5.1
  resolution: "base64-js@npm:1.5.1"
  checksum: 10/669632eb3745404c2f822a18fc3a0122d2f9a7a13f7fb8b5823ee19d1d2ff9ee5b52c53367176ea4ad093c332fd5ab4bd0ebae5a8e27917a4105a4cfc86b1005
  languageName: node
  linkType: hard

"bfj@npm:^7.0.2":
  version: 7.1.0
  resolution: "bfj@npm:7.1.0"
  dependencies:
    bluebird: "npm:^3.7.2"
    check-types: "npm:^11.2.3"
    hoopy: "npm:^0.1.4"
    jsonpath: "npm:^1.1.1"
    tryer: "npm:^1.0.1"
  checksum: 10/efe4ca2ce43ef279c0ced8538d7de452bae6d8a552c5a72561c66aa6983aa8e448202af848b63518562750bddbb13af20b026c87633324c38499a044ec965eab
  languageName: node
  linkType: hard

"blake2b-wasm@npm:^2.4.0":
  version: 2.4.0
  resolution: "blake2b-wasm@npm:2.4.0"
  dependencies:
    b4a: "npm:^1.0.1"
    nanoassert: "npm:^2.0.0"
  checksum: 10/91d523a8e3e28005eefdf41783ccc473e386f500f9130bd18d4715df5fb77441b17c94513e8825b5ba0aae18a66835aa247799d61b1af9f5f24910b7c267f9c6
  languageName: node
  linkType: hard

"bluebird@npm:^3.7.2":
  version: 3.7.2
  resolution: "bluebird@npm:3.7.2"
  checksum: 10/007c7bad22c5d799c8dd49c85b47d012a1fe3045be57447721e6afbd1d5be43237af1db62e26cb9b0d9ba812d2e4ca3bac82f6d7e016b6b88de06ee25ceb96e7
  languageName: node
  linkType: hard

"bn.js@npm:^5.2.1":
  version: 5.2.1
  resolution: "bn.js@npm:5.2.1"
  checksum: 10/7a7e8764d7a6e9708b8b9841b2b3d6019cc154d2fc23716d0efecfe1e16921b7533c6f7361fb05471eab47986c4aa310c270f88e3507172104632ac8df2cfd84
  languageName: node
  linkType: hard

"brace-expansion@npm:^1.1.7":
  version: 1.1.11
  resolution: "brace-expansion@npm:1.1.11"
  dependencies:
    balanced-match: "npm:^1.0.0"
    concat-map: "npm:0.0.1"
  checksum: 10/faf34a7bb0c3fcf4b59c7808bc5d2a96a40988addf2e7e09dfbb67a2251800e0d14cd2bfc1aa79174f2f5095c54ff27f46fb1289fe2d77dac755b5eb3434cc07
  languageName: node
  linkType: hard

"brace-expansion@npm:^2.0.1":
  version: 2.0.1
  resolution: "brace-expansion@npm:2.0.1"
  dependencies:
    balanced-match: "npm:^1.0.0"
  checksum: 10/a61e7cd2e8a8505e9f0036b3b6108ba5e926b4b55089eeb5550cd04a471fe216c96d4fe7e4c7f995c728c554ae20ddfc4244cad10aef255e72b62930afd233d1
  languageName: node
  linkType: hard

"buffer@npm:6.0.3, buffer@npm:^6.0.3":
  version: 6.0.3
  resolution: "buffer@npm:6.0.3"
  dependencies:
    base64-js: "npm:^1.3.1"
    ieee754: "npm:^1.2.1"
  checksum: 10/b6bc68237ebf29bdacae48ce60e5e28fc53ae886301f2ad9496618efac49427ed79096750033e7eab1897a4f26ae374ace49106a5758f38fb70c78c9fda2c3b1
  languageName: node
  linkType: hard

"chalk@npm:^4.0.2":
  version: 4.1.2
  resolution: "chalk@npm:4.1.2"
  dependencies:
    ansi-styles: "npm:^4.1.0"
    supports-color: "npm:^7.1.0"
  checksum: 10/cb3f3e594913d63b1814d7ca7c9bafbf895f75fbf93b92991980610dfd7b48500af4e3a5d4e3a8f337990a96b168d7eb84ee55efdce965e2ee8efc20f8c8f139
  languageName: node
  linkType: hard

"check-types@npm:^11.2.3":
  version: 11.2.3
  resolution: "check-types@npm:11.2.3"
  checksum: 10/557e119fa018d7de4e873ada0a6c8917a0f6e0955dc19293396405f5292cfcfe190457557f4cc422e6845d715ef6bbb1d0ab9198ff6735dd96ac50e3ef1e2424
  languageName: node
  linkType: hard

"circom_runtime@npm:0.1.24":
  version: 0.1.24
  resolution: "circom_runtime@npm:0.1.24"
  dependencies:
    ffjavascript: "npm:0.2.60"
  bin:
    calcwit: calcwit.js
  checksum: 10/a3a985138b8e260fdff98b8c6215ce1039e4a1c376cbd332843a705e40a649e66c9e23a61dace3412064d74472f421f67574c54b4bacb8e0ca7dd7b02a190d8d
  languageName: node
  linkType: hard

"circom_runtime@npm:0.1.25":
  version: 0.1.25
  resolution: "circom_runtime@npm:0.1.25"
  dependencies:
    ffjavascript: "npm:0.3.0"
  bin:
    calcwit: calcwit.js
  checksum: 10/aebb1398df621524a84b4c067661943d8d42894856f4947f61f4768954f1143c9fbba76c3a7e9d805175b94e1ac997accbe46fbf67d08ff618062dfcec2737b1
  languageName: node
  linkType: hard

"color-convert@npm:^2.0.1":
  version: 2.0.1
  resolution: "color-convert@npm:2.0.1"
  dependencies:
    color-name: "npm:~1.1.4"
  checksum: 10/fa00c91b4332b294de06b443923246bccebe9fab1b253f7fe1772d37b06a2269b4039a85e309abe1fe11b267b11c08d1d0473fda3badd6167f57313af2887a64
  languageName: node
  linkType: hard

"color-name@npm:~1.1.4":
  version: 1.1.4
  resolution: "color-name@npm:1.1.4"
  checksum: 10/b0445859521eb4021cd0fb0cc1a75cecf67fceecae89b63f62b201cca8d345baf8b952c966862a9d9a2632987d4f6581f0ec8d957dfacece86f0a7919316f610
  languageName: node
  linkType: hard

"concat-map@npm:0.0.1":
  version: 0.0.1
  resolution: "concat-map@npm:0.0.1"
  checksum: 10/9680699c8e2b3af0ae22592cb764acaf973f292a7b71b8a06720233011853a58e256c89216a10cbe889727532fd77f8bcd49a760cedfde271b8e006c20e079f2
  languageName: node
  linkType: hard

"create-require@npm:^1.1.0":
  version: 1.1.1
  resolution: "create-require@npm:1.1.1"
  checksum: 10/a9a1503d4390d8b59ad86f4607de7870b39cad43d929813599a23714831e81c520bddf61bcdd1f8e30f05fd3a2b71ae8538e946eb2786dc65c2bbc520f692eff
  languageName: node
  linkType: hard

"deep-is@npm:~0.1.3":
  version: 0.1.4
  resolution: "deep-is@npm:0.1.4"
  checksum: 10/ec12d074aef5ae5e81fa470b9317c313142c9e8e2afe3f8efa124db309720db96d1d222b82b84c834e5f87e7a614b44a4684b6683583118b87c833b3be40d4d8
  languageName: node
  linkType: hard

"diff@npm:^4.0.1":
  version: 4.0.2
  resolution: "diff@npm:4.0.2"
  checksum: 10/ec09ec2101934ca5966355a229d77afcad5911c92e2a77413efda5455636c4cf2ce84057e2d7715227a2eeeda04255b849bd3ae3a4dd22eb22e86e76456df069
  languageName: node
  linkType: hard

"ejs@npm:^3.1.6":
  version: 3.1.10
  resolution: "ejs@npm:3.1.10"
  dependencies:
    jake: "npm:^10.8.5"
  bin:
    ejs: bin/cli.js
  checksum: 10/a9cb7d7cd13b7b1cd0be5c4788e44dd10d92f7285d2f65b942f33e127230c054f99a42db4d99f766d8dbc6c57e94799593ee66a14efd7c8dd70c4812bf6aa384
  languageName: node
  linkType: hard

"escodegen@npm:^1.8.1":
  version: 1.14.3
  resolution: "escodegen@npm:1.14.3"
  dependencies:
    esprima: "npm:^4.0.1"
    estraverse: "npm:^4.2.0"
    esutils: "npm:^2.0.2"
    optionator: "npm:^0.8.1"
    source-map: "npm:~0.6.1"
  dependenciesMeta:
    source-map:
      optional: true
  bin:
    escodegen: bin/escodegen.js
    esgenerate: bin/esgenerate.js
  checksum: 10/70f095ca9393535f9f1c145ef99dc0b3ff14cca6bc4a79d90ff3352f90c3f2e07f75af6d6c05174ea67c45271f75e80dd440dd7d04ed2cf44c9452c3042fa84a
  languageName: node
  linkType: hard

"esprima@npm:1.2.2":
  version: 1.2.2
  resolution: "esprima@npm:1.2.2"
  bin:
    esparse: ./bin/esparse.js
    esvalidate: ./bin/esvalidate.js
  checksum: 10/7ed9274abb1fed861354239f0da8fa3ec6592617ad0fd2aab16b0beb0425137c46f05c82faa0de89b3bb3d704054815c2657658c7e221b1fb550e88c237eefd2
  languageName: node
  linkType: hard

"esprima@npm:^4.0.1":
  version: 4.0.1
  resolution: "esprima@npm:4.0.1"
  bin:
    esparse: ./bin/esparse.js
    esvalidate: ./bin/esvalidate.js
  checksum: 10/f1d3c622ad992421362294f7acf866aa9409fbad4eb2e8fa230bd33944ce371d32279667b242d8b8907ec2b6ad7353a717f3c0e60e748873a34a7905174bc0eb
  languageName: node
  linkType: hard

"estraverse@npm:^4.2.0":
  version: 4.3.0
  resolution: "estraverse@npm:4.3.0"
  checksum: 10/3f67ad02b6dbfaddd9ea459cf2b6ef4ecff9a6082a7af9d22e445b9abc082ad9ca47e1825557b293fcdae477f4714e561123e30bb6a5b2f184fb2bad4a9497eb
  languageName: node
  linkType: hard

"esutils@npm:^2.0.2":
  version: 2.0.3
  resolution: "esutils@npm:2.0.3"
  checksum: 10/b23acd24791db11d8f65be5ea58fd9a6ce2df5120ae2da65c16cfc5331ff59d5ac4ef50af66cd4bde238881503ec839928a0135b99a036a9cdfa22d17fd56cdb
  languageName: node
  linkType: hard

"ethers@npm:6.10.0":
  version: 6.10.0
  resolution: "ethers@npm:6.10.0"
  dependencies:
    "@adraffy/ens-normalize": "npm:1.10.0"
    "@noble/curves": "npm:1.2.0"
    "@noble/hashes": "npm:1.3.2"
    "@types/node": "npm:18.15.13"
    aes-js: "npm:4.0.0-beta.5"
    tslib: "npm:2.4.0"
    ws: "npm:8.5.0"
  checksum: 10/04fdd3f76ea93a8b45b2fe4d9c8e2bd0d688823faba672897dd19cc3303c202a166902fe6058004562f13aaecf9f77a9f70ff113f995e94107efef2457b016dd
  languageName: node
  linkType: hard

"ethers@npm:^6.11.1":
  version: 6.13.4
  resolution: "ethers@npm:6.13.4"
  dependencies:
    "@adraffy/ens-normalize": "npm:1.10.1"
    "@noble/curves": "npm:1.2.0"
    "@noble/hashes": "npm:1.3.2"
    "@types/node": "npm:22.7.5"
    aes-js: "npm:4.0.0-beta.5"
    tslib: "npm:2.7.0"
    ws: "npm:8.17.1"
  checksum: 10/221192fed93f6b0553f3e5e72bfd667d676220577d34ff854f677e955d6f608e60636a9c08b5d54039c532a9b9b7056384f0d7019eb6e111d53175806f896ac6
  languageName: node
  linkType: hard

"fast-levenshtein@npm:~2.0.6":
  version: 2.0.6
  resolution: "fast-levenshtein@npm:2.0.6"
  checksum: 10/eb7e220ecf2bab5159d157350b81d01f75726a4382f5a9266f42b9150c4523b9795f7f5d9fbbbeaeac09a441b2369f05ee02db48ea938584205530fe5693cfe1
  languageName: node
  linkType: hard

"fastfile@npm:0.0.20":
  version: 0.0.20
  resolution: "fastfile@npm:0.0.20"
  checksum: 10/0c051c22d6d831118dfbf9fbc1277a2e9b14164db68985f7403aa6b3e7a89c4b614d71d6f6d53e141313fa5554c32dacbc9c2a17c43dc3d21fc0dd500a2f132a
  languageName: node
  linkType: hard

"ffjavascript@npm:0.2.60":
  version: 0.2.60
  resolution: "ffjavascript@npm:0.2.60"
  dependencies:
    wasmbuilder: "npm:0.0.16"
    wasmcurves: "npm:0.2.2"
    web-worker: "npm:^1.2.0"
  checksum: 10/494b76bd5862b9e606e11e565fb801e0602fb905840619b91e8d2f4c7d585c699001bb6e47b6185e4a9b20b0742f46c048ab2dafa2bf83e2c0377f3ef0df65c9
  languageName: node
  linkType: hard

"ffjavascript@npm:0.3.0":
  version: 0.3.0
  resolution: "ffjavascript@npm:0.3.0"
  dependencies:
    wasmbuilder: "npm:0.0.16"
    wasmcurves: "npm:0.2.2"
    web-worker: "npm:1.2.0"
  checksum: 10/8478f3f3380b6195cf4994f9998e40a05780caa10b31bf67ba87ed294811ada6cb376deb58ce63d7fa124a828350a4c3530a6550545231872d7bd4e5e9f09f2f
  languageName: node
  linkType: hard

"ffjavascript@npm:^0.3.0":
  version: 0.3.1
  resolution: "ffjavascript@npm:0.3.1"
  dependencies:
    wasmbuilder: "npm:0.0.16"
    wasmcurves: "npm:0.2.2"
    web-worker: "npm:1.2.0"
  checksum: 10/6b1a82a872cc80638b5e42c167817a88599940938eec80107dc45fb07ff0407cefc6d019c533e2b544e6ebce2fb1a94709cf39228b5fe9de80b750a9cc23ac8b
  languageName: node
  linkType: hard

"filelist@npm:^1.0.4":
  version: 1.0.4
  resolution: "filelist@npm:1.0.4"
  dependencies:
    minimatch: "npm:^5.0.1"
  checksum: 10/4b436fa944b1508b95cffdfc8176ae6947b92825483639ef1b9a89b27d82f3f8aa22b21eed471993f92709b431670d4e015b39c087d435a61e1bb04564cf51de
  languageName: node
  linkType: hard

"has-flag@npm:^4.0.0":
  version: 4.0.0
  resolution: "has-flag@npm:4.0.0"
  checksum: 10/261a1357037ead75e338156b1f9452c016a37dcd3283a972a30d9e4a87441ba372c8b81f818cd0fbcd9c0354b4ae7e18b9e1afa1971164aef6d18c2b6095a8ad
  languageName: node
  linkType: hard

"hoopy@npm:^0.1.4":
  version: 0.1.4
  resolution: "hoopy@npm:0.1.4"
  checksum: 10/7a73f1839a7fd6b953356770dff2c3cff813d97d899cddd75b348926c4df36059d987c06bedb57b1b7711504dba83d3b7b986f979a08b1e415da73a51fefa767
  languageName: node
  linkType: hard

"ieee754@npm:^1.2.1":
  version: 1.2.1
  resolution: "ieee754@npm:1.2.1"
  checksum: 10/d9f2557a59036f16c282aaeb107832dc957a93d73397d89bbad4eb1130560560eb695060145e8e6b3b498b15ab95510226649a0b8f52ae06583575419fe10fc4
  languageName: node
  linkType: hard

"jake@npm:^10.8.5":
  version: 10.9.2
  resolution: "jake@npm:10.9.2"
  dependencies:
    async: "npm:^3.2.3"
    chalk: "npm:^4.0.2"
    filelist: "npm:^1.0.4"
    minimatch: "npm:^3.1.2"
  bin:
    jake: bin/cli.js
  checksum: 10/3be324708f99f031e0aec49ef8fd872eb4583cbe8a29a0c875f554f6ac638ee4ea5aa759bb63723fd54f77ca6d7db851eaa78353301734ed3700db9cb109a0cd
  languageName: node
  linkType: hard

"js-sha3@npm:0.8.0, js-sha3@npm:^0.8.0":
  version: 0.8.0
  resolution: "js-sha3@npm:0.8.0"
  checksum: 10/a49ac6d3a6bfd7091472a28ab82a94c7fb8544cc584ee1906486536ba1cb4073a166f8c7bb2b0565eade23c5b3a7b8f7816231e0309ab5c549b737632377a20c
  languageName: node
  linkType: hard

"js-sha512@npm:^0.8.0":
  version: 0.8.0
  resolution: "js-sha512@npm:0.8.0"
  checksum: 10/2e8f98a6c0c35ff039dc74d4ea7a00f7cd3f4712d1cb74007713e0338bffc44c53a44729c60e97afbd7430eeefb1f435eca30b355f17fc11ec0c35351e3e9bdd
  languageName: node
  linkType: hard

"jsonpath@npm:^1.1.1":
  version: 1.1.1
  resolution: "jsonpath@npm:1.1.1"
  dependencies:
    esprima: "npm:1.2.2"
    static-eval: "npm:2.0.2"
    underscore: "npm:1.12.1"
  checksum: 10/aa6c2fea9c05eeba4a37870cbbcf30c20de5211d0fd967786b6c59b8546c9f80182328ee2428daf989c8d5c6e6bf97fed28eefc790144258b1238707c30706eb
  languageName: node
  linkType: hard

"levn@npm:~0.3.0":
  version: 0.3.0
  resolution: "levn@npm:0.3.0"
  dependencies:
    prelude-ls: "npm:~1.1.2"
    type-check: "npm:~0.3.2"
  checksum: 10/e1c3e75b5c430d9aa4c32c83c8a611e4ca53608ca78e3ea3bf6bbd9d017e4776d05d86e27df7901baebd3afa732abede9f26f715b8c1be19e95505c7a3a7b589
  languageName: node
  linkType: hard

"logplease@npm:^1.2.15":
  version: 1.2.15
  resolution: "logplease@npm:1.2.15"
  checksum: 10/76af230a8baf99285c990391eff14ddc2a5bee48a2c0ee903d2954a010fb3df3680bbef7221afcb7e6107f777aad43bea55ea427b261878e571645ba276a0fd4
  languageName: node
  linkType: hard

"make-error@npm:^1.1.1":
  version: 1.3.6
  resolution: "make-error@npm:1.3.6"
  checksum: 10/b86e5e0e25f7f777b77fabd8e2cbf15737972869d852a22b7e73c17623928fccb826d8e46b9951501d3f20e51ad74ba8c59ed584f610526a48f8ccf88aaec402
  languageName: node
  linkType: hard

"minimatch@npm:^3.1.2":
  version: 3.1.2
  resolution: "minimatch@npm:3.1.2"
  dependencies:
    brace-expansion: "npm:^1.1.7"
  checksum: 10/e0b25b04cd4ec6732830344e5739b13f8690f8a012d73445a4a19fbc623f5dd481ef7a5827fde25954cd6026fede7574cc54dc4643c99d6c6b653d6203f94634
  languageName: node
  linkType: hard

"minimatch@npm:^5.0.1":
  version: 5.1.6
  resolution: "minimatch@npm:5.1.6"
  dependencies:
    brace-expansion: "npm:^2.0.1"
  checksum: 10/126b36485b821daf96d33b5c821dac600cc1ab36c87e7a532594f9b1652b1fa89a1eebcaad4dff17c764dce1a7ac1531327f190fed5f97d8f6e5f889c116c429
  languageName: node
  linkType: hard

"nanoassert@npm:^2.0.0":
  version: 2.0.0
  resolution: "nanoassert@npm:2.0.0"
  checksum: 10/b1d366f9524405f3337192d32dda6ac0b02374e4d0550c9aad33480caf2eb3c84c06f18f41f4c5404c14f6fc1ae6b84692b4375166dcb9f2d04a2ea9b9bccba0
  languageName: node
  linkType: hard

"node@workspace:.":
  version: 0.0.0-use.local
  resolution: "node@workspace:."
  dependencies:
    "@semaphore-protocol/core": "npm:^4.4.0"
    "@semaphore-protocol/group": "npm:^3"
    "@semaphore-protocol/identity": "npm:^3"
    "@semaphore-protocol/proof": "npm:^3"
    "@types/node": "npm:^22.7.7"
    prettier: "npm:^3.3.3"
    tinybench: "npm:^2.9.0"
    ts-node: "npm:^10.9.2"
    typescript: "npm:^5.6.3"
  languageName: unknown
  linkType: soft

"optionator@npm:^0.8.1":
  version: 0.8.3
  resolution: "optionator@npm:0.8.3"
  dependencies:
    deep-is: "npm:~0.1.3"
    fast-levenshtein: "npm:~2.0.6"
    levn: "npm:~0.3.0"
    prelude-ls: "npm:~1.1.2"
    type-check: "npm:~0.3.2"
    word-wrap: "npm:~1.2.3"
  checksum: 10/6fa3c841b520f10aec45563962922215180e8cfbc59fde3ecd4ba2644ad66ca96bd19ad0e853f22fefcb7fc10e7612a5215b412cc66c5588f9a3138b38f6b5ff
  languageName: node
  linkType: hard

"poseidon-lite@npm:0.3.0":
  version: 0.3.0
  resolution: "poseidon-lite@npm:0.3.0"
  checksum: 10/1e7294f7fed91e1cdc3aee7bd0380461bfdba74ba34d100c2fc4e3d5434d09af0644f6c889b749b9511fd3867216a1aa6d575f070b716c6756b1f56c0067b71d
  languageName: node
  linkType: hard

"prelude-ls@npm:~1.1.2":
  version: 1.1.2
  resolution: "prelude-ls@npm:1.1.2"
  checksum: 10/946a9f60d3477ca6b7d4c5e8e452ad1b98dc8aaa992cea939a6b926ac16cc4129d7217c79271dc808b5814b1537ad0af37f29a942e2eafbb92cfc5a1c87c38cb
  languageName: node
  linkType: hard

"prettier@npm:^3.3.3":
  version: 3.3.3
  resolution: "prettier@npm:3.3.3"
  bin:
    prettier: bin/prettier.cjs
  checksum: 10/5beac1f30b5b40162532b8e2f7c3a4eb650910a2695e9c8512a62ffdc09dae93190c29db9107fa7f26d1b6c71aad3628ecb9b5de1ecb0911191099be109434d7
  languageName: node
  linkType: hard

"r1csfile@npm:0.0.48":
  version: 0.0.48
  resolution: "r1csfile@npm:0.0.48"
  dependencies:
    "@iden3/bigarray": "npm:0.0.2"
    "@iden3/binfileutils": "npm:0.0.12"
    fastfile: "npm:0.0.20"
    ffjavascript: "npm:0.3.0"
  checksum: 10/d851f801cec9722ea6b5164fb9f62a1e3381422c00bb17c9244f5a99228146831fd8302e4c0df2563cd385562483ef37222221ea6125517bc8a0596c3e822cd6
  languageName: node
  linkType: hard

"snarkjs@npm:0.7.4":
  version: 0.7.4
  resolution: "snarkjs@npm:0.7.4"
  dependencies:
    "@iden3/binfileutils": "npm:0.0.12"
    bfj: "npm:^7.0.2"
    blake2b-wasm: "npm:^2.4.0"
    circom_runtime: "npm:0.1.25"
    ejs: "npm:^3.1.6"
    fastfile: "npm:0.0.20"
    ffjavascript: "npm:0.3.0"
    js-sha3: "npm:^0.8.0"
    logplease: "npm:^1.2.15"
    r1csfile: "npm:0.0.48"
  bin:
    snarkjs: build/cli.cjs
  checksum: 10/aaebcf57e11a36dc1ea77742a5062d67fcaa24bad37bc6532d9aaefc71ad302c4a65bd05cabb6ac893f3329e09f193d9cbd2a20053f8d5074e3864d933323e05
  languageName: node
  linkType: hard

"source-map@npm:~0.6.1":
  version: 0.6.1
  resolution: "source-map@npm:0.6.1"
  checksum: 10/59ef7462f1c29d502b3057e822cdbdae0b0e565302c4dd1a95e11e793d8d9d62006cdc10e0fd99163ca33ff2071360cf50ee13f90440806e7ed57d81cba2f7ff
  languageName: node
  linkType: hard

"static-eval@npm:2.0.2":
  version: 2.0.2
  resolution: "static-eval@npm:2.0.2"
  dependencies:
    escodegen: "npm:^1.8.1"
  checksum: 10/2e2faf1b23bad5d9d5b2407b18945c7b97f8706b6d65f06bb3583a2d4fd1994cf5890c5779a1bfa2a02905dc860e077e4f045d7413d289d8993f605758f8992f
  languageName: node
  linkType: hard

"supports-color@npm:^7.1.0":
  version: 7.2.0
  resolution: "supports-color@npm:7.2.0"
  dependencies:
    has-flag: "npm:^4.0.0"
  checksum: 10/c8bb7afd564e3b26b50ca6ee47572c217526a1389fe018d00345856d4a9b08ffbd61fadaf283a87368d94c3dcdb8f5ffe2650a5a65863e21ad2730ca0f05210a
  languageName: node
  linkType: hard

"tinybench@npm:^2.9.0":
  version: 2.9.0
  resolution: "tinybench@npm:2.9.0"
  checksum: 10/cfa1e1418e91289219501703c4693c70708c91ffb7f040fd318d24aef419fb5a43e0c0160df9471499191968b2451d8da7f8087b08c3133c251c40d24aced06c
  languageName: node
  linkType: hard

"tryer@npm:^1.0.1":
  version: 1.0.1
  resolution: "tryer@npm:1.0.1"
  checksum: 10/4d869d187bd715136903b349f39d1cc3e5c19f742689a348190aff92408ee8dd3d7d9adc26dc9265c35d722731184c979ed316109b6c1239249a8707bb92cc49
  languageName: node
  linkType: hard

"ts-node@npm:^10.9.2":
  version: 10.9.2
  resolution: "ts-node@npm:10.9.2"
  dependencies:
    "@cspotcode/source-map-support": "npm:^0.8.0"
    "@tsconfig/node10": "npm:^1.0.7"
    "@tsconfig/node12": "npm:^1.0.7"
    "@tsconfig/node14": "npm:^1.0.0"
    "@tsconfig/node16": "npm:^1.0.2"
    acorn: "npm:^8.4.1"
    acorn-walk: "npm:^8.1.1"
    arg: "npm:^4.1.0"
    create-require: "npm:^1.1.0"
    diff: "npm:^4.0.1"
    make-error: "npm:^1.1.1"
    v8-compile-cache-lib: "npm:^3.0.1"
    yn: "npm:3.1.1"
  peerDependencies:
    "@swc/core": ">=1.2.50"
    "@swc/wasm": ">=1.2.50"
    "@types/node": "*"
    typescript: ">=2.7"
  peerDependenciesMeta:
    "@swc/core":
      optional: true
    "@swc/wasm":
      optional: true
  bin:
    ts-node: dist/bin.js
    ts-node-cwd: dist/bin-cwd.js
    ts-node-esm: dist/bin-esm.js
    ts-node-script: dist/bin-script.js
    ts-node-transpile-only: dist/bin-transpile.js
    ts-script: dist/bin-script-deprecated.js
  checksum: 10/a91a15b3c9f76ac462f006fa88b6bfa528130dcfb849dd7ef7f9d640832ab681e235b8a2bc58ecde42f72851cc1d5d4e22c901b0c11aa51001ea1d395074b794
  languageName: node
  linkType: hard

"tslib@npm:2.4.0":
  version: 2.4.0
  resolution: "tslib@npm:2.4.0"
  checksum: 10/d8379e68b36caf082c1905ec25d17df8261e1d68ddc1abfd6c91158a064f6e4402039ae7c02cf4c81d12e3a2a2c7cd8ea2f57b233eb80136a2e3e7279daf2911
  languageName: node
  linkType: hard

"tslib@npm:2.7.0":
  version: 2.7.0
  resolution: "tslib@npm:2.7.0"
  checksum: 10/9a5b47ddac65874fa011c20ff76db69f97cf90c78cff5934799ab8894a5342db2d17b4e7613a087046bc1d133d21547ddff87ac558abeec31ffa929c88b7fce6
  languageName: node
  linkType: hard

"type-check@npm:~0.3.2":
  version: 0.3.2
  resolution: "type-check@npm:0.3.2"
  dependencies:
    prelude-ls: "npm:~1.1.2"
  checksum: 10/11dec0b50d7c3fd2e630b4b074ba36918ed2b1efbc87dfbd40ba9429d49c58d12dad5c415ece69fcf358fa083f33466fc370f23ab91aa63295c45d38b3a60dda
  languageName: node
  linkType: hard

"typescript@npm:^5.6.3":
  version: 5.6.3
  resolution: "typescript@npm:5.6.3"
  bin:
    tsc: bin/tsc
    tsserver: bin/tsserver
  checksum: 10/c328e418e124b500908781d9f7b9b93cf08b66bf5936d94332b463822eea2f4e62973bfb3b8a745fdc038785cb66cf59d1092bac3ec2ac6a3e5854687f7833f1
  languageName: node
  linkType: hard

"typescript@patch:typescript@npm%3A^5.6.3#optional!builtin<compat/typescript>":
  version: 5.6.3
  resolution: "typescript@patch:typescript@npm%3A5.6.3#optional!builtin<compat/typescript>::version=5.6.3&hash=8c6c40"
  bin:
    tsc: bin/tsc
    tsserver: bin/tsserver
  checksum: 10/00504c01ee42d470c23495426af07512e25e6546bce7e24572e72a9ca2e6b2e9bea63de4286c3cfea644874da1467dcfca23f4f98f7caf20f8b03c0213bb6837
  languageName: node
  linkType: hard

"underscore@npm:1.12.1":
  version: 1.12.1
  resolution: "underscore@npm:1.12.1"
  checksum: 10/c3bb50c61ef7dea4b9add6d48f98316f65de1075801dc8cd01ecd82122b99eb17ce0f068f00f6cc10245d5cf75c443ce96f8efc5458d7773b44af9bd7c2ccc56
  languageName: node
  linkType: hard

"undici-types@npm:~6.19.2":
  version: 6.19.8
  resolution: "undici-types@npm:6.19.8"
  checksum: 10/cf0b48ed4fc99baf56584afa91aaffa5010c268b8842f62e02f752df209e3dea138b372a60a963b3b2576ed932f32329ce7ddb9cb5f27a6c83040d8cd74b7a70
  languageName: node
  linkType: hard

"v8-compile-cache-lib@npm:^3.0.1":
  version: 3.0.1
  resolution: "v8-compile-cache-lib@npm:3.0.1"
  checksum: 10/88d3423a52b6aaf1836be779cab12f7016d47ad8430dffba6edf766695e6d90ad4adaa3d8eeb512cc05924f3e246c4a4ca51e089dccf4402caa536b5e5be8961
  languageName: node
  linkType: hard

"wasmbuilder@npm:0.0.16":
  version: 0.0.16
  resolution: "wasmbuilder@npm:0.0.16"
  checksum: 10/c2326ef199302e80876216f31f729c6a5aa7eb54f35a85c669bb55a8c7d3f23327caeb282d3f898f3787adc60233f297edf28f897bb128efbaa8156aac7edb0b
  languageName: node
  linkType: hard

"wasmcurves@npm:0.2.2":
  version: 0.2.2
  resolution: "wasmcurves@npm:0.2.2"
  dependencies:
    wasmbuilder: "npm:0.0.16"
  checksum: 10/9653daca69c92c656abd5b06fb8e18b6fcfca87c4f81c0a944a2379e6e357c0c28c2ab0429ddf998e4c506d74766519ba09b65cff48bcfff3e0332ee16e2bbf2
  languageName: node
  linkType: hard

"web-worker@npm:1.2.0":
  version: 1.2.0
  resolution: "web-worker@npm:1.2.0"
  checksum: 10/61a9d046504891ea25754eae08053a4f62a52798a5612039da9df92aca6c52c47eb0e2e35dbbe4c7ba1ba9622ad5783479ddd2e391ae6aed1f99c9b278309c53
  languageName: node
  linkType: hard

"web-worker@npm:^1.2.0":
  version: 1.3.0
  resolution: "web-worker@npm:1.3.0"
  checksum: 10/9dd89763997a7fa4c50128bed088137775c6033cc2aead24fd82e8292991bb1d3ffc672b47df16eed86c9268d2bf230d5bb3e0d06f41a7b3c0c4c36abf4c1ba7
  languageName: node
  linkType: hard

"word-wrap@npm:~1.2.3":
  version: 1.2.5
  resolution: "word-wrap@npm:1.2.5"
  checksum: 10/1ec6f6089f205f83037be10d0c4b34c9183b0b63fca0834a5b3cee55dd321429d73d40bb44c8fc8471b5203d6e8f8275717f49a8ff4b2b0ab41d7e1b563e0854
  languageName: node
  linkType: hard

"ws@npm:8.17.1":
  version: 8.17.1
  resolution: "ws@npm:8.17.1"
  peerDependencies:
    bufferutil: ^4.0.1
    utf-8-validate: ">=5.0.2"
  peerDependenciesMeta:
    bufferutil:
      optional: true
    utf-8-validate:
      optional: true
  checksum: 10/4264ae92c0b3e59c7e309001e93079b26937aab181835fb7af79f906b22cd33b6196d96556dafb4e985742dd401e99139572242e9847661fdbc96556b9e6902d
  languageName: node
  linkType: hard

"ws@npm:8.5.0":
  version: 8.5.0
  resolution: "ws@npm:8.5.0"
  peerDependencies:
    bufferutil: ^4.0.1
    utf-8-validate: ^5.0.2
  peerDependenciesMeta:
    bufferutil:
      optional: true
    utf-8-validate:
      optional: true
  checksum: 10/f0ee700970a0bf925b1ec213ca3691e84fb8b435a91461fe3caf52f58c6cec57c99ed5890fbf6978824c932641932019aafc55d864cad38ac32577496efd5d3a
  languageName: node
  linkType: hard

"yn@npm:3.1.1":
  version: 3.1.1
  resolution: "yn@npm:3.1.1"
  checksum: 10/2c487b0e149e746ef48cda9f8bad10fc83693cd69d7f9dcd8be4214e985de33a29c9e24f3c0d6bcf2288427040a8947406ab27f7af67ee9456e6b84854f02dd6
  languageName: node
  linkType: hard
